// !$*UTF8*$!
{
	archiveVersion = 1;
	classes = {
	};
	objectVersion = 77;
	objects = {

/* Begin PBXBuildFile section */
		47661A9D06F5C6B3CA9ACED7 /* Pods_ECommerceProductBrowser.framework in Frameworks */ = {isa = PBXBuildFile; fileRef = 696C5BAFBD2D282760BC251D /* Pods_ECommerceProductBrowser.framework */; };
		733A2AE43CF04F77A62D7B7D /* Pods_ECommerceProductBrowser_ECommerceProductBrowserUITests.framework in Frameworks */ = {isa = PBXBuildFile; fileRef = E643758DBFF68383A5273556 /* Pods_ECommerceProductBrowser_ECommerceProductBrowserUITests.framework */; };
		ACC74C87FD6DB08D22C5C8E9 /* Pods_ECommerceProductBrowserTests.framework in Frameworks */ = {isa = PBXBuildFile; fileRef = 73DA3EA45DE8D0C54C76CD0A /* Pods_ECommerceProductBrowserTests.framework */; };
/* End PBXBuildFile section */

/* Begin PBXContainerItemProxy section */
		DC2002A92DE0BAD500CE5AEE /* PBXContainerItemProxy */ = {
			isa = PBXContainerItemProxy;
			containerPortal = DC20028A2DE0BAD400CE5AEE /* Project object */;
			proxyType = 1;
			remoteGlobalIDString = DC2002912DE0BAD400CE5AEE;
			remoteInfo = ECommerceProductBrowser;
		};
		DC2002B32DE0BAD500CE5AEE /* PBXContainerItemProxy */ = {
			isa = PBXContainerItemProxy;
			containerPortal = DC20028A2DE0BAD400CE5AEE /* Project object */;
			proxyType = 1;
			remoteGlobalIDString = DC2002912DE0BAD400CE5AEE;
			remoteInfo = ECommerceProductBrowser;
		};
/* End PBXContainerItemProxy section */

/* Begin PBXFileReference section */
		16E5002D894B57AD4838B118 /* Pods-ECommerceProductBrowser-ECommerceProductBrowserUITests.release.xcconfig */ = {isa = PBXFileReference; includeInIndex = 1; lastKnownFileType = text.xcconfig; name = "Pods-ECommerceProductBrowser-ECommerceProductBrowserUITests.release.xcconfig"; path = "Target Support Files/Pods-ECommerceProductBrowser-ECommerceProductBrowserUITests/Pods-ECommerceProductBrowser-ECommerceProductBrowserUITests.release.xcconfig"; sourceTree = "<group>"; };
		5B553F71A0A0D594F2F43850 /* Pods-ECommerceProductBrowser.debug.xcconfig */ = {isa = PBXFileReference; includeInIndex = 1; lastKnownFileType = text.xcconfig; name = "Pods-ECommerceProductBrowser.debug.xcconfig"; path = "Target Support Files/Pods-ECommerceProductBrowser/Pods-ECommerceProductBrowser.debug.xcconfig"; sourceTree = "<group>"; };
		696C5BAFBD2D282760BC251D /* Pods_ECommerceProductBrowser.framework */ = {isa = PBXFileReference; explicitFileType = wrapper.framework; includeInIndex = 0; path = Pods_ECommerceProductBrowser.framework; sourceTree = BUILT_PRODUCTS_DIR; };
		73DA3EA45DE8D0C54C76CD0A /* Pods_ECommerceProductBrowserTests.framework */ = {isa = PBXFileReference; explicitFileType = wrapper.framework; includeInIndex = 0; path = Pods_ECommerceProductBrowserTests.framework; sourceTree = BUILT_PRODUCTS_DIR; };
		814CFA3315EE29E04DD37A36 /* Pods-ECommerceProductBrowser-ECommerceProductBrowserUITests.debug.xcconfig */ = {isa = PBXFileReference; includeInIndex = 1; lastKnownFileType = text.xcconfig; name = "Pods-ECommerceProductBrowser-ECommerceProductBrowserUITests.debug.xcconfig"; path = "Target Support Files/Pods-ECommerceProductBrowser-ECommerceProductBrowserUITests/Pods-ECommerceProductBrowser-ECommerceProductBrowserUITests.debug.xcconfig"; sourceTree = "<group>"; };
		AB081278BFA71923FF6B724A /* Pods-ECommerceProductBrowser.release.xcconfig */ = {isa = PBXFileReference; includeInIndex = 1; lastKnownFileType = text.xcconfig; name = "Pods-ECommerceProductBrowser.release.xcconfig"; path = "Target Support Files/Pods-ECommerceProductBrowser/Pods-ECommerceProductBrowser.release.xcconfig"; sourceTree = "<group>"; };
		D6F2A9BC22746A72834EA5CA /* Pods-ECommerceProductBrowserTests.release.xcconfig */ = {isa = PBXFileReference; includeInIndex = 1; lastKnownFileType = text.xcconfig; name = "Pods-ECommerceProductBrowserTests.release.xcconfig"; path = "Target Support Files/Pods-ECommerceProductBrowserTests/Pods-ECommerceProductBrowserTests.release.xcconfig"; sourceTree = "<group>"; };
		DC2002922DE0BAD400CE5AEE /* ECommerceProductBrowser.app */ = {isa = PBXFileReference; explicitFileType = wrapper.application; includeInIndex = 0; path = ECommerceProductBrowser.app; sourceTree = BUILT_PRODUCTS_DIR; };
		DC2002A82DE0BAD500CE5AEE /* ECommerceProductBrowserTests.xctest */ = {isa = PBXFileReference; explicitFileType = wrapper.cfbundle; includeInIndex = 0; path = ECommerceProductBrowserTests.xctest; sourceTree = BUILT_PRODUCTS_DIR; };
		DC2002B22DE0BAD500CE5AEE /* ECommerceProductBrowserUITests.xctest */ = {isa = PBXFileReference; explicitFileType = wrapper.cfbundle; includeInIndex = 0; path = ECommerceProductBrowserUITests.xctest; sourceTree = BUILT_PRODUCTS_DIR; };
		E643758DBFF68383A5273556 /* Pods_ECommerceProductBrowser_ECommerceProductBrowserUITests.framework */ = {isa = PBXFileReference; explicitFileType = wrapper.framework; includeInIndex = 0; path = Pods_ECommerceProductBrowser_ECommerceProductBrowserUITests.framework; sourceTree = BUILT_PRODUCTS_DIR; };
		F0FA56C2404EFBA7C76D2E06 /* Pods-ECommerceProductBrowserTests.debug.xcconfig */ = {isa = PBXFileReference; includeInIndex = 1; lastKnownFileType = text.xcconfig; name = "Pods-ECommerceProductBrowserTests.debug.xcconfig"; path = "Target Support Files/Pods-ECommerceProductBrowserTests/Pods-ECommerceProductBrowserTests.debug.xcconfig"; sourceTree = "<group>"; };
/* End PBXFileReference section */

/* Begin PBXFileSystemSynchronizedBuildFileExceptionSet section */
		DC2002BA2DE0BAD500CE5AEE /* Exceptions for "ECommerceProductBrowser" folder in "ECommerceProductBrowser" target */ = {
			isa = PBXFileSystemSynchronizedBuildFileExceptionSet;
			membershipExceptions = (
				Info.plist,
			);
			target = DC2002912DE0BAD400CE5AEE /* ECommerceProductBrowser */;
		};
/* End PBXFileSystemSynchronizedBuildFileExceptionSet section */

/* Begin PBXFileSystemSynchronizedRootGroup section */
		DC2002942DE0BAD400CE5AEE /* ECommerceProductBrowser */ = {
			isa = PBXFileSystemSynchronizedRootGroup;
			exceptions = (
				DC2002BA2DE0BAD500CE5AEE /* Exceptions for "ECommerceProductBrowser" folder in "ECommerceProductBrowser" target */,
			);
			path = ECommerceProductBrowser;
			sourceTree = "<group>";
		};
		DC2002AB2DE0BAD500CE5AEE /* ECommerceProductBrowserTests */ = {
			isa = PBXFileSystemSynchronizedRootGroup;
			exceptions = (
			);
			path = ECommerceProductBrowserTests;
			sourceTree = "<group>";
		};
		DC2002B52DE0BAD500CE5AEE /* ECommerceProductBrowserUITests */ = {
			isa = PBXFileSystemSynchronizedRootGroup;
			exceptions = (
			);
			path = ECommerceProductBrowserUITests;
			sourceTree = "<group>";
		};
/* End PBXFileSystemSynchronizedRootGroup section */

/* Begin PBXFrameworksBuildPhase section */
		DC20028F2DE0BAD400CE5AEE /* Frameworks */ = {
			isa = PBXFrameworksBuildPhase;
			buildActionMask = 2147483647;
			files = (
				47661A9D06F5C6B3CA9ACED7 /* Pods_ECommerceProductBrowser.framework in Frameworks */,
			);
			runOnlyForDeploymentPostprocessing = 0;
		};
		DC2002A52DE0BAD500CE5AEE /* Frameworks */ = {
			isa = PBXFrameworksBuildPhase;
			buildActionMask = 2147483647;
			files = (
				ACC74C87FD6DB08D22C5C8E9 /* Pods_ECommerceProductBrowserTests.framework in Frameworks */,
			);
			runOnlyForDeploymentPostprocessing = 0;
		};
		DC2002AF2DE0BAD500CE5AEE /* Frameworks */ = {
			isa = PBXFrameworksBuildPhase;
			buildActionMask = 2147483647;
			files = (
				733A2AE43CF04F77A62D7B7D /* Pods_ECommerceProductBrowser_ECommerceProductBrowserUITests.framework in Frameworks */,
			);
			runOnlyForDeploymentPostprocessing = 0;
		};
/* End PBXFrameworksBuildPhase section */

/* Begin PBXGroup section */
		1ED4F896E5584D1A15B92A6C /* Frameworks */ = {
			isa = PBXGroup;
			children = (
				696C5BAFBD2D282760BC251D /* Pods_ECommerceProductBrowser.framework */,
				E643758DBFF68383A5273556 /* Pods_ECommerceProductBrowser_ECommerceProductBrowserUITests.framework */,
				73DA3EA45DE8D0C54C76CD0A /* Pods_ECommerceProductBrowserTests.framework */,
			);
			name = Frameworks;
			sourceTree = "<group>";
		};
		7798B574CB55C0E098B13843 /* Pods */ = {
			isa = PBXGroup;
			children = (
				5B553F71A0A0D594F2F43850 /* Pods-ECommerceProductBrowser.debug.xcconfig */,
				AB081278BFA71923FF6B724A /* Pods-ECommerceProductBrowser.release.xcconfig */,
				814CFA3315EE29E04DD37A36 /* Pods-ECommerceProductBrowser-ECommerceProductBrowserUITests.debug.xcconfig */,
				16E5002D894B57AD4838B118 /* Pods-ECommerceProductBrowser-ECommerceProductBrowserUITests.release.xcconfig */,
				F0FA56C2404EFBA7C76D2E06 /* Pods-ECommerceProductBrowserTests.debug.xcconfig */,
				D6F2A9BC22746A72834EA5CA /* Pods-ECommerceProductBrowserTests.release.xcconfig */,
			);
			path = Pods;
			sourceTree = "<group>";
		};
		DC2002892DE0BAD400CE5AEE = {
			isa = PBXGroup;
			children = (
				DC2002942DE0BAD400CE5AEE /* ECommerceProductBrowser */,
				DC2002AB2DE0BAD500CE5AEE /* ECommerceProductBrowserTests */,
				DC2002B52DE0BAD500CE5AEE /* ECommerceProductBrowserUITests */,
				DC2002932DE0BAD400CE5AEE /* Products */,
				7798B574CB55C0E098B13843 /* Pods */,
				1ED4F896E5584D1A15B92A6C /* Frameworks */,
			);
			sourceTree = "<group>";
		};
		DC2002932DE0BAD400CE5AEE /* Products */ = {
			isa = PBXGroup;
			children = (
				DC2002922DE0BAD400CE5AEE /* ECommerceProductBrowser.app */,
				DC2002A82DE0BAD500CE5AEE /* ECommerceProductBrowserTests.xctest */,
				DC2002B22DE0BAD500CE5AEE /* ECommerceProductBrowserUITests.xctest */,
			);
			name = Products;
			sourceTree = "<group>";
		};
/* End PBXGroup section */

/* Begin PBXNativeTarget section */
		DC2002912DE0BAD400CE5AEE /* ECommerceProductBrowser */ = {
			isa = PBXNativeTarget;
			buildConfigurationList = DC2002BB2DE0BAD500CE5AEE /* Build configuration list for PBXNativeTarget "ECommerceProductBrowser" */;
			buildPhases = (
				6534A3D320ABCA318E7D6634 /* [CP] Check Pods Manifest.lock */,
				DC20028E2DE0BAD400CE5AEE /* Sources */,
				DC20028F2DE0BAD400CE5AEE /* Frameworks */,
				DC2002902DE0BAD400CE5AEE /* Resources */,
				10DEE7001523A325CD80EC2C /* [CP] Embed Pods Frameworks */,
			);
			buildRules = (
			);
			dependencies = (
			);
			fileSystemSynchronizedGroups = (
				DC2002942DE0BAD400CE5AEE /* ECommerceProductBrowser */,
			);
			name = ECommerceProductBrowser;
			productName = ECommerceProductBrowser;
			productReference = DC2002922DE0BAD400CE5AEE /* ECommerceProductBrowser.app */;
			productType = "com.apple.product-type.application";
		};
		DC2002A72DE0BAD500CE5AEE /* ECommerceProductBrowserTests */ = {
			isa = PBXNativeTarget;
			buildConfigurationList = DC2002C02DE0BAD500CE5AEE /* Build configuration list for PBXNativeTarget "ECommerceProductBrowserTests" */;
			buildPhases = (
				BB5B2FF75F043731F1E3F566 /* [CP] Check Pods Manifest.lock */,
				DC2002A42DE0BAD500CE5AEE /* Sources */,
				DC2002A52DE0BAD500CE5AEE /* Frameworks */,
				DC2002A62DE0BAD500CE5AEE /* Resources */,
			);
			buildRules = (
			);
			dependencies = (
				DC2002AA2DE0BAD500CE5AEE /* PBXTargetDependency */,
			);
			fileSystemSynchronizedGroups = (
				DC2002AB2DE0BAD500CE5AEE /* ECommerceProductBrowserTests */,
			);
			name = ECommerceProductBrowserTests;
			productName = ECommerceProductBrowserTests;
			productReference = DC2002A82DE0BAD500CE5AEE /* ECommerceProductBrowserTests.xctest */;
			productType = "com.apple.product-type.bundle.unit-test";
		};
		DC2002B12DE0BAD500CE5AEE /* ECommerceProductBrowserUITests */ = {
			isa = PBXNativeTarget;
			buildConfigurationList = DC2002C32DE0BAD500CE5AEE /* Build configuration list for PBXNativeTarget "ECommerceProductBrowserUITests" */;
			buildPhases = (
				5F799156555F8F8D4E9E3800 /* [CP] Check Pods Manifest.lock */,
				DC2002AE2DE0BAD500CE5AEE /* Sources */,
				DC2002AF2DE0BAD500CE5AEE /* Frameworks */,
				DC2002B02DE0BAD500CE5AEE /* Resources */,
				7665A2CE779AA799ADF0D96E /* [CP] Embed Pods Frameworks */,
			);
			buildRules = (
			);
			dependencies = (
				DC2002B42DE0BAD500CE5AEE /* PBXTargetDependency */,
			);
			fileSystemSynchronizedGroups = (
				DC2002B52DE0BAD500CE5AEE /* ECommerceProductBrowserUITests */,
			);
			name = ECommerceProductBrowserUITests;
			productName = ECommerceProductBrowserUITests;
			productReference = DC2002B22DE0BAD500CE5AEE /* ECommerceProductBrowserUITests.xctest */;
			productType = "com.apple.product-type.bundle.ui-testing";
		};
/* End PBXNativeTarget section */

/* Begin PBXProject section */
		DC20028A2DE0BAD400CE5AEE /* Project object */ = {
			isa = PBXProject;
			attributes = {
				BuildIndependentTargetsInParallel = 1;
				LastSwiftUpdateCheck = 1630;
				LastUpgradeCheck = 1630;
				TargetAttributes = {
					DC2002912DE0BAD400CE5AEE = {
						CreatedOnToolsVersion = 16.3;
					};
					DC2002A72DE0BAD500CE5AEE = {
						CreatedOnToolsVersion = 16.3;
						TestTargetID = DC2002912DE0BAD400CE5AEE;
					};
					DC2002B12DE0BAD500CE5AEE = {
						CreatedOnToolsVersion = 16.3;
						TestTargetID = DC2002912DE0BAD400CE5AEE;
					};
				};
			};
			buildConfigurationList = DC20028D2DE0BAD400CE5AEE /* Build configuration list for PBXProject "ECommerceProductBrowser" */;
			developmentRegion = en;
			hasScannedForEncodings = 0;
			knownRegions = (
				en,
				Base,
			);
			mainGroup = DC2002892DE0BAD400CE5AEE;
			minimizedProjectReferenceProxies = 1;
			preferredProjectObjectVersion = 77;
			productRefGroup = DC2002932DE0BAD400CE5AEE /* Products */;
			projectDirPath = "";
			projectRoot = "";
			targets = (
				DC2002912DE0BAD400CE5AEE /* ECommerceProductBrowser */,
				DC2002A72DE0BAD500CE5AEE /* ECommerceProductBrowserTests */,
				DC2002B12DE0BAD500CE5AEE /* ECommerceProductBrowserUITests */,
			);
		};
/* End PBXProject section */

/* Begin PBXResourcesBuildPhase section */
		DC2002902DE0BAD400CE5AEE /* Resources */ = {
			isa = PBXResourcesBuildPhase;
			buildActionMask = 2147483647;
			files = (
			);
			runOnlyForDeploymentPostprocessing = 0;
		};
		DC2002A62DE0BAD500CE5AEE /* Resources */ = {
			isa = PBXResourcesBuildPhase;
			buildActionMask = 2147483647;
			files = (
			);
			runOnlyForDeploymentPostprocessing = 0;
		};
		DC2002B02DE0BAD500CE5AEE /* Resources */ = {
			isa = PBXResourcesBuildPhase;
			buildActionMask = 2147483647;
			files = (
			);
			runOnlyForDeploymentPostprocessing = 0;
		};
/* End PBXResourcesBuildPhase section */

/* Begin PBXShellScriptBuildPhase section */
		10DEE7001523A325CD80EC2C /* [CP] Embed Pods Frameworks */ = {
			isa = PBXShellScriptBuildPhase;
			buildActionMask = 2147483647;
			files = (
			);
			inputFileListPaths = (
				"${PODS_ROOT}/Target Support Files/Pods-ECommerceProductBrowser/Pods-ECommerceProductBrowser-frameworks-${CONFIGURATION}-input-files.xcfilelist",
			);
			name = "[CP] Embed Pods Frameworks";
			outputFileListPaths = (
				"${PODS_ROOT}/Target Support Files/Pods-ECommerceProductBrowser/Pods-ECommerceProductBrowser-frameworks-${CONFIGURATION}-output-files.xcfilelist",
			);
			runOnlyForDeploymentPostprocessing = 0;
			shellPath = /bin/sh;
			shellScript = "\"${PODS_ROOT}/Target Support Files/Pods-ECommerceProductBrowser/Pods-ECommerceProductBrowser-frameworks.sh\"\n";
			showEnvVarsInLog = 0;
		};
		5F799156555F8F8D4E9E3800 /* [CP] Check Pods Manifest.lock */ = {
			isa = PBXShellScriptBuildPhase;
			buildActionMask = 2147483647;
			files = (
			);
			inputFileListPaths = (
			);
			inputPaths = (
				"${PODS_PODFILE_DIR_PATH}/Podfile.lock",
				"${PODS_ROOT}/Manifest.lock",
			);
			name = "[CP] Check Pods Manifest.lock";
			outputFileListPaths = (
			);
			outputPaths = (
				"$(DERIVED_FILE_DIR)/Pods-ECommerceProductBrowser-ECommerceProductBrowserUITests-checkManifestLockResult.txt",
			);
			runOnlyForDeploymentPostprocessing = 0;
			shellPath = /bin/sh;
			shellScript = "diff \"${PODS_PODFILE_DIR_PATH}/Podfile.lock\" \"${PODS_ROOT}/Manifest.lock\" > /dev/null\nif [ $? != 0 ] ; then\n    # print error to STDERR\n    echo \"error: The sandbox is not in sync with the Podfile.lock. Run 'pod install' or update your CocoaPods installation.\" >&2\n    exit 1\nfi\n# This output is used by Xcode 'outputs' to avoid re-running this script phase.\necho \"SUCCESS\" > \"${SCRIPT_OUTPUT_FILE_0}\"\n";
			showEnvVarsInLog = 0;
		};
		6534A3D320ABCA318E7D6634 /* [CP] Check Pods Manifest.lock */ = {
			isa = PBXShellScriptBuildPhase;
			buildActionMask = 2147483647;
			files = (
			);
			inputFileListPaths = (
			);
			inputPaths = (
				"${PODS_PODFILE_DIR_PATH}/Podfile.lock",
				"${PODS_ROOT}/Manifest.lock",
			);
			name = "[CP] Check Pods Manifest.lock";
			outputFileListPaths = (
			);
			outputPaths = (
				"$(DERIVED_FILE_DIR)/Pods-ECommerceProductBrowser-checkManifestLockResult.txt",
			);
			runOnlyForDeploymentPostprocessing = 0;
			shellPath = /bin/sh;
			shellScript = "diff \"${PODS_PODFILE_DIR_PATH}/Podfile.lock\" \"${PODS_ROOT}/Manifest.lock\" > /dev/null\nif [ $? != 0 ] ; then\n    # print error to STDERR\n    echo \"error: The sandbox is not in sync with the Podfile.lock. Run 'pod install' or update your CocoaPods installation.\" >&2\n    exit 1\nfi\n# This output is used by Xcode 'outputs' to avoid re-running this script phase.\necho \"SUCCESS\" > \"${SCRIPT_OUTPUT_FILE_0}\"\n";
			showEnvVarsInLog = 0;
		};
		7665A2CE779AA799ADF0D96E /* [CP] Embed Pods Frameworks */ = {
			isa = PBXShellScriptBuildPhase;
			buildActionMask = 2147483647;
			files = (
			);
			inputFileListPaths = (
				"${PODS_ROOT}/Target Support Files/Pods-ECommerceProductBrowser-ECommerceProductBrowserUITests/Pods-ECommerceProductBrowser-ECommerceProductBrowserUITests-frameworks-${CONFIGURATION}-input-files.xcfilelist",
			);
			name = "[CP] Embed Pods Frameworks";
			outputFileListPaths = (
				"${PODS_ROOT}/Target Support Files/Pods-ECommerceProductBrowser-ECommerceProductBrowserUITests/Pods-ECommerceProductBrowser-ECommerceProductBrowserUITests-frameworks-${CONFIGURATION}-output-files.xcfilelist",
			);
			runOnlyForDeploymentPostprocessing = 0;
			shellPath = /bin/sh;
			shellScript = "\"${PODS_ROOT}/Target Support Files/Pods-ECommerceProductBrowser-ECommerceProductBrowserUITests/Pods-ECommerceProductBrowser-ECommerceProductBrowserUITests-frameworks.sh\"\n";
			showEnvVarsInLog = 0;
		};
		BB5B2FF75F043731F1E3F566 /* [CP] Check Pods Manifest.lock */ = {
			isa = PBXShellScriptBuildPhase;
			buildActionMask = 2147483647;
			files = (
			);
			inputFileListPaths = (
			);
			inputPaths = (
				"${PODS_PODFILE_DIR_PATH}/Podfile.lock",
				"${PODS_ROOT}/Manifest.lock",
			);
			name = "[CP] Check Pods Manifest.lock";
			outputFileListPaths = (
			);
			outputPaths = (
				"$(DERIVED_FILE_DIR)/Pods-ECommerceProductBrowserTests-checkManifestLockResult.txt",
			);
			runOnlyForDeploymentPostprocessing = 0;
			shellPath = /bin/sh;
			shellScript = "diff \"${PODS_PODFILE_DIR_PATH}/Podfile.lock\" \"${PODS_ROOT}/Manifest.lock\" > /dev/null\nif [ $? != 0 ] ; then\n    # print error to STDERR\n    echo \"error: The sandbox is not in sync with the Podfile.lock. Run 'pod install' or update your CocoaPods installation.\" >&2\n    exit 1\nfi\n# This output is used by Xcode 'outputs' to avoid re-running this script phase.\necho \"SUCCESS\" > \"${SCRIPT_OUTPUT_FILE_0}\"\n";
			showEnvVarsInLog = 0;
		};
/* End PBXShellScriptBuildPhase section */

/* Begin PBXSourcesBuildPhase section */
		DC20028E2DE0BAD400CE5AEE /* Sources */ = {
			isa = PBXSourcesBuildPhase;
			buildActionMask = 2147483647;
			files = (
			);
			runOnlyForDeploymentPostprocessing = 0;
		};
		DC2002A42DE0BAD500CE5AEE /* Sources */ = {
			isa = PBXSourcesBuildPhase;
			buildActionMask = 2147483647;
			files = (
			);
			runOnlyForDeploymentPostprocessing = 0;
		};
		DC2002AE2DE0BAD500CE5AEE /* Sources */ = {
			isa = PBXSourcesBuildPhase;
			buildActionMask = 2147483647;
			files = (
			);
			runOnlyForDeploymentPostprocessing = 0;
		};
/* End PBXSourcesBuildPhase section */

/* Begin PBXTargetDependency section */
		DC2002AA2DE0BAD500CE5AEE /* PBXTargetDependency */ = {
			isa = PBXTargetDependency;
			target = DC2002912DE0BAD400CE5AEE /* ECommerceProductBrowser */;
			targetProxy = DC2002A92DE0BAD500CE5AEE /* PBXContainerItemProxy */;
		};
		DC2002B42DE0BAD500CE5AEE /* PBXTargetDependency */ = {
			isa = PBXTargetDependency;
			target = DC2002912DE0BAD400CE5AEE /* ECommerceProductBrowser */;
			targetProxy = DC2002B32DE0BAD500CE5AEE /* PBXContainerItemProxy */;
		};
/* End PBXTargetDependency section */

/* Begin XCBuildConfiguration section */
		DC2002BC2DE0BAD500CE5AEE /* Debug */ = {
			isa = XCBuildConfiguration;
			baseConfigurationReference = 5B553F71A0A0D594F2F43850 /* Pods-ECommerceProductBrowser.debug.xcconfig */;
			buildSettings = {
				ASSETCATALOG_COMPILER_APPICON_NAME = AppIcon;
				ASSETCATALOG_COMPILER_GLOBAL_ACCENT_COLOR_NAME = AccentColor;
				CODE_SIGN_STYLE = Automatic;
				CURRENT_PROJECT_VERSION = 1;
				DEVELOPMENT_TEAM = 6A724W5BYJ;
				GENERATE_INFOPLIST_FILE = YES;
				INFOPLIST_FILE = ECommerceProductBrowser/Info.plist;
				INFOPLIST_KEY_UIApplicationSupportsIndirectInputEvents = YES;
				INFOPLIST_KEY_UILaunchStoryboardName = LaunchScreen;
				INFOPLIST_KEY_UIMainStoryboardFile = Main;
				INFOPLIST_KEY_UISupportedInterfaceOrientations = UIInterfaceOrientationPortrait;
				IPHONEOS_DEPLOYMENT_TARGET = 16.0;
				LD_RUNPATH_SEARCH_PATHS = (
					"$(inherited)",
					"@executable_path/Frameworks",
				);
				MARKETING_VERSION = 1.0;
				PRODUCT_BUNDLE_IDENTIFIER = ArjunShukla.ECommerceProductBrowser;
				PRODUCT_NAME = "$(TARGET_NAME)";
				SWIFT_EMIT_LOC_STRINGS = YES;
				SWIFT_OBJC_BRIDGING_HEADER = "/Users/arjun/Desktop/ECommerceProductBrowser/ECommerceProductBrowser/ThirdParty/Bridgeing/ECommerceProductBrowser-Bridging-Header.h";
				SWIFT_VERSION = 5.0;
				TARGETED_DEVICE_FAMILY = "1,2";
			};
			name = Debug;
		};
		DC2002BD2DE0BAD500CE5AEE /* Release */ = {
			isa = XCBuildConfiguration;
			baseConfigurationReference = AB081278BFA71923FF6B724A /* Pods-ECommerceProductBrowser.release.xcconfig */;
			buildSettings = {
				ASSETCATALOG_COMPILER_APPICON_NAME = AppIcon;
				ASSETCATALOG_COMPILER_GLOBAL_ACCENT_COLOR_NAME = AccentColor;
				CODE_SIGN_STYLE = Automatic;
				CURRENT_PROJECT_VERSION = 1;
				DEVELOPMENT_TEAM = 6A724W5BYJ;
				GENERATE_INFOPLIST_FILE = YES;
				INFOPLIST_FILE = ECommerceProductBrowser/Info.plist;
				INFOPLIST_KEY_UIApplicationSupportsIndirectInputEvents = YES;
				INFOPLIST_KEY_UILaunchStoryboardName = LaunchScreen;
				INFOPLIST_KEY_UIMainStoryboardFile = Main;
				INFOPLIST_KEY_UISupportedInterfaceOrientations = UIInterfaceOrientationPortrait;
				IPHONEOS_DEPLOYMENT_TARGET = 16.0;
				LD_RUNPATH_SEARCH_PATHS = (
					"$(inherited)",
					"@executable_path/Frameworks",
				);
				MARKETING_VERSION = 1.0;
				PRODUCT_BUNDLE_IDENTIFIER = ArjunShukla.ECommerceProductBrowser;
				PRODUCT_NAME = "$(TARGET_NAME)";
				SWIFT_EMIT_LOC_STRINGS = YES;
				SWIFT_OBJC_BRIDGING_HEADER = "/Users/arjun/Desktop/ECommerceProductBrowser/ECommerceProductBrowser/ThirdParty/Bridgeing/ECommerceProductBrowser-Bridging-Header.h";
				SWIFT_VERSION = 5.0;
				TARGETED_DEVICE_FAMILY = "1,2";
			};
			name = Release;
		};
		DC2002BE2DE0BAD500CE5AEE /* Debug */ = {
			isa = XCBuildConfiguration;
			buildSettings = {
				ALWAYS_SEARCH_USER_PATHS = NO;
				ASSETCATALOG_COMPILER_GENERATE_SWIFT_ASSET_SYMBOL_EXTENSIONS = YES;
				CLANG_ANALYZER_NONNULL = YES;
				CLANG_ANALYZER_NUMBER_OBJECT_CONVERSION = YES_AGGRESSIVE;
				CLANG_CXX_LANGUAGE_STANDARD = "gnu++20";
				CLANG_ENABLE_MODULES = YES;
				CLANG_ENABLE_OBJC_ARC = YES;
				CLANG_ENABLE_OBJC_WEAK = YES;
				CLANG_WARN_BLOCK_CAPTURE_AUTORELEASING = YES;
				CLANG_WARN_BOOL_CONVERSION = YES;
				CLANG_WARN_COMMA = YES;
				CLANG_WARN_CONSTANT_CONVERSION = YES;
				CLANG_WARN_DEPRECATED_OBJC_IMPLEMENTATIONS = YES;
				CLANG_WARN_DIRECT_OBJC_ISA_USAGE = YES_ERROR;
				CLANG_WARN_DOCUMENTATION_COMMENTS = YES;
				CLANG_WARN_EMPTY_BODY = YES;
				CLANG_WARN_ENUM_CONVERSION = YES;
				CLANG_WARN_INFINITE_RECURSION = YES;
				CLANG_WARN_INT_CONVERSION = YES;
				CLANG_WARN_NON_LITERAL_NULL_CONVERSION = YES;
				CLANG_WARN_OBJC_IMPLICIT_RETAIN_SELF = YES;
				CLANG_WARN_OBJC_LITERAL_CONVERSION = YES;
				CLANG_WARN_OBJC_ROOT_CLASS = YES_ERROR;
				CLANG_WARN_QUOTED_INCLUDE_IN_FRAMEWORK_HEADER = YES;
				CLANG_WARN_RANGE_LOOP_ANALYSIS = YES;
				CLANG_WARN_STRICT_PROTOTYPES = YES;
				CLANG_WARN_SUSPICIOUS_MOVE = YES;
				CLANG_WARN_UNGUARDED_AVAILABILITY = YES_AGGRESSIVE;
				CLANG_WARN_UNREACHABLE_CODE = YES;
				CLANG_WARN__DUPLICATE_METHOD_MATCH = YES;
				COPY_PHASE_STRIP = NO;
				DEBUG_INFORMATION_FORMAT = dwarf;
				DEVELOPMENT_TEAM = 6A724W5BYJ;
				ENABLE_STRICT_OBJC_MSGSEND = YES;
				ENABLE_TESTABILITY = YES;
				ENABLE_USER_SCRIPT_SANDBOXING = YES;
				GCC_C_LANGUAGE_STANDARD = gnu17;
				GCC_DYNAMIC_NO_PIC = NO;
				GCC_NO_COMMON_BLOCKS = YES;
				GCC_OPTIMIZATION_LEVEL = 0;
				GCC_PREPROCESSOR_DEFINITIONS = (
					"DEBUG=1",
					"$(inherited)",
				);
				GCC_WARN_64_TO_32_BIT_CONVERSION = YES;
				GCC_WARN_ABOUT_RETURN_TYPE = YES_ERROR;
				GCC_WARN_UNDECLARED_SELECTOR = YES;
				GCC_WARN_UNINITIALIZED_AUTOS = YES_AGGRESSIVE;
				GCC_WARN_UNUSED_FUNCTION = YES;
				GCC_WARN_UNUSED_VARIABLE = YES;
				IPHONEOS_DEPLOYMENT_TARGET = 18.4;
				LOCALIZATION_PREFERS_STRING_CATALOGS = YES;
				MTL_ENABLE_DEBUG_INFO = INCLUDE_SOURCE;
				MTL_FAST_MATH = YES;
				ONLY_ACTIVE_ARCH = YES;
				SDKROOT = iphoneos;
				SWIFT_ACTIVE_COMPILATION_CONDITIONS = "DEBUG $(inherited)";
				SWIFT_OPTIMIZATION_LEVEL = "-Onone";
				SWIFT_VERSION = 5.0;
			};
			name = Debug;
		};
		DC2002BF2DE0BAD500CE5AEE /* Release */ = {
			isa = XCBuildConfiguration;
			buildSettings = {
				ALWAYS_SEARCH_USER_PATHS = NO;
				ASSETCATALOG_COMPILER_GENERATE_SWIFT_ASSET_SYMBOL_EXTENSIONS = YES;
				CLANG_ANALYZER_NONNULL = YES;
				CLANG_ANALYZER_NUMBER_OBJECT_CONVERSION = YES_AGGRESSIVE;
				CLANG_CXX_LANGUAGE_STANDARD = "gnu++20";
				CLANG_ENABLE_MODULES = YES;
				CLANG_ENABLE_OBJC_ARC = YES;
				CLANG_ENABLE_OBJC_WEAK = YES;
				CLANG_WARN_BLOCK_CAPTURE_AUTORELEASING = YES;
				CLANG_WARN_BOOL_CONVERSION = YES;
				CLANG_WARN_COMMA = YES;
				CLANG_WARN_CONSTANT_CONVERSION = YES;
				CLANG_WARN_DEPRECATED_OBJC_IMPLEMENTATIONS = YES;
				CLANG_WARN_DIRECT_OBJC_ISA_USAGE = YES_ERROR;
				CLANG_WARN_DOCUMENTATION_COMMENTS = YES;
				CLANG_WARN_EMPTY_BODY = YES;
				CLANG_WARN_ENUM_CONVERSION = YES;
				CLANG_WARN_INFINITE_RECURSION = YES;
				CLANG_WARN_INT_CONVERSION = YES;
				CLANG_WARN_NON_LITERAL_NULL_CONVERSION = YES;
				CLANG_WARN_OBJC_IMPLICIT_RETAIN_SELF = YES;
				CLANG_WARN_OBJC_LITERAL_CONVERSION = YES;
				CLANG_WARN_OBJC_ROOT_CLASS = YES_ERROR;
				CLANG_WARN_QUOTED_INCLUDE_IN_FRAMEWORK_HEADER = YES;
				CLANG_WARN_RANGE_LOOP_ANALYSIS = YES;
				CLANG_WARN_STRICT_PROTOTYPES = YES;
				CLANG_WARN_SUSPICIOUS_MOVE = YES;
				CLANG_WARN_UNGUARDED_AVAILABILITY = YES_AGGRESSIVE;
				CLANG_WARN_UNREACHABLE_CODE = YES;
				CLANG_WARN__DUPLICATE_METHOD_MATCH = YES;
				COPY_PHASE_STRIP = NO;
				DEBUG_INFORMATION_FORMAT = "dwarf-with-dsym";
				DEVELOPMENT_TEAM = 6A724W5BYJ;
				ENABLE_NS_ASSERTIONS = NO;
				ENABLE_STRICT_OBJC_MSGSEND = YES;
				ENABLE_USER_SCRIPT_SANDBOXING = YES;
				GCC_C_LANGUAGE_STANDARD = gnu17;
				GCC_NO_COMMON_BLOCKS = YES;
				GCC_WARN_64_TO_32_BIT_CONVERSION = YES;
				GCC_WARN_ABOUT_RETURN_TYPE = YES_ERROR;
				GCC_WARN_UNDECLARED_SELECTOR = YES;
				GCC_WARN_UNINITIALIZED_AUTOS = YES_AGGRESSIVE;
				GCC_WARN_UNUSED_FUNCTION = YES;
				GCC_WARN_UNUSED_VARIABLE = YES;
				IPHONEOS_DEPLOYMENT_TARGET = 18.4;
				LOCALIZATION_PREFERS_STRING_CATALOGS = YES;
				MTL_ENABLE_DEBUG_INFO = NO;
				MTL_FAST_MATH = YES;
				SDKROOT = iphoneos;
				SWIFT_COMPILATION_MODE = wholemodule;
				SWIFT_VERSION = 5.0;
				VALIDATE_PRODUCT = YES;
			};
			name = Release;
		};
		DC2002C12DE0BAD500CE5AEE /* Debug */ = {
			isa = XCBuildConfiguration;
			baseConfigurationReference = F0FA56C2404EFBA7C76D2E06 /* Pods-ECommerceProductBrowserTests.debug.xcconfig */;
			buildSettings = {
				BUNDLE_LOADER = "$(TEST_HOST)";
				CODE_SIGN_STYLE = Automatic;
				CURRENT_PROJECT_VERSION = 1;
				DEVELOPMENT_TEAM = 6A724W5BYJ;
				GENERATE_INFOPLIST_FILE = YES;
				IPHONEOS_DEPLOYMENT_TARGET = 18.4;
				MARKETING_VERSION = 1.0;
				PRODUCT_BUNDLE_IDENTIFIER = ArjunShukla.ECommerceProductBrowserTests;
				PRODUCT_NAME = "$(TARGET_NAME)";
				SWIFT_EMIT_LOC_STRINGS = NO;
				SWIFT_VERSION = 5.0;
				TARGETED_DEVICE_FAMILY = "1,2";
				TEST_HOST = "$(BUILT_PRODUCTS_DIR)/ECommerceProductBrowser.app/$(BUNDLE_EXECUTABLE_FOLDER_PATH)/ECommerceProductBrowser";
			};
			name = Debug;
		};
		DC2002C22DE0BAD500CE5AEE /* Release */ = {
			isa = XCBuildConfiguration;
			baseConfigurationReference = D6F2A9BC22746A72834EA5CA /* Pods-ECommerceProductBrowserTests.release.xcconfig */;
			buildSettings = {
				BUNDLE_LOADER = "$(TEST_HOST)";
				CODE_SIGN_STYLE = Automatic;
				CURRENT_PROJECT_VERSION = 1;
				DEVELOPMENT_TEAM = 6A724W5BYJ;
				GENERATE_INFOPLIST_FILE = YES;
				IPHONEOS_DEPLOYMENT_TARGET = 18.4;
				MARKETING_VERSION = 1.0;
				PRODUCT_BUNDLE_IDENTIFIER = ArjunShukla.ECommerceProductBrowserTests;
				PRODUCT_NAME = "$(TARGET_NAME)";
				SWIFT_EMIT_LOC_STRINGS = NO;
				SWIFT_VERSION = 5.0;
				TARGETED_DEVICE_FAMILY = "1,2";
				TEST_HOST = "$(BUILT_PRODUCTS_DIR)/ECommerceProductBrowser.app/$(BUNDLE_EXECUTABLE_FOLDER_PATH)/ECommerceProductBrowser";
			};
			name = Release;
		};
		DC2002C42DE0BAD500CE5AEE /* Debug */ = {
			isa = XCBuildConfiguration;
			baseConfigurationReference = 814CFA3315EE29E04DD37A36 /* Pods-ECommerceProductBrowser-ECommerceProductBrowserUITests.debug.xcconfig */;
			buildSettings = {
				CODE_SIGN_STYLE = Automatic;
				CURRENT_PROJECT_VERSION = 1;
				DEVELOPMENT_TEAM = 6A724W5BYJ;
				GENERATE_INFOPLIST_FILE = YES;
				MARKETING_VERSION = 1.0;
				PRODUCT_BUNDLE_IDENTIFIER = ArjunShukla.ECommerceProductBrowserUITests;
				PRODUCT_NAME = "$(TARGET_NAME)";
				SWIFT_EMIT_LOC_STRINGS = NO;
				SWIFT_VERSION = 5.0;
				TARGETED_DEVICE_FAMILY = "1,2";
				TEST_TARGET_NAME = ECommerceProductBrowser;
			};
			name = Debug;
		};
		DC2002C52DE0BAD500CE5AEE /* Release */ = {
			isa = XCBuildConfiguration;
			baseConfigurationReference = 16E5002D894B57AD4838B118 /* Pods-ECommerceProductBrowser-ECommerceProductBrowserUITests.release.xcconfig */;
			buildSettings = {
				CODE_SIGN_STYLE = Automatic;
				CURRENT_PROJECT_VERSION = 1;
				DEVELOPMENT_TEAM = 6A724W5BYJ;
				GENERATE_INFOPLIST_FILE = YES;
				MARKETING_VERSION = 1.0;
				PRODUCT_BUNDLE_IDENTIFIER = ArjunShukla.ECommerceProductBrowserUITests;
				PRODUCT_NAME = "$(TARGET_NAME)";
				SWIFT_EMIT_LOC_STRINGS = NO;
				SWIFT_VERSION = 5.0;
				TARGETED_DEVICE_FAMILY = "1,2";
				TEST_TARGET_NAME = ECommerceProductBrowser;
			};
			name = Release;
		};
/* End XCBuildConfiguration section */

/* Begin XCConfigurationList section */
		DC20028D2DE0BAD400CE5AEE /* Build configuration list for PBXProject "ECommerceProductBrowser" */ = {
			isa = XCConfigurationList;
			buildConfigurations = (
				DC2002BE2DE0BAD500CE5AEE /* Debug */,
				DC2002BF2DE0BAD500CE5AEE /* Release */,
			);
			defaultConfigurationIsVisible = 0;
			defaultConfigurationName = Release;
		};
		DC2002BB2DE0BAD500CE5AEE /* Build configuration list for PBXNativeTarget "ECommerceProductBrowser" */ = {
			isa = XCConfigurationList;
			buildConfigurations = (
				DC2002BC2DE0BAD500CE5AEE /* Debug */,
				DC2002BD2DE0BAD500CE5AEE /* Release */,
			);
			defaultConfigurationIsVisible = 0;
			defaultConfigurationName = Release;
		};
		DC2002C02DE0BAD500CE5AEE /* Build configuration list for PBXNativeTarget "ECommerceProductBrowserTests" */ = {
			isa = XCConfigurationList;
			buildConfigurations = (
				DC2002C12DE0BAD500CE5AEE /* Debug */,
				DC2002C22DE0BAD500CE5AEE /* Release */,
			);
			defaultConfigurationIsVisible = 0;
			defaultConfigurationName = Release;
		};
		DC2002C32DE0BAD500CE5AEE /* Build configuration list for PBXNativeTarget "ECommerceProductBrowserUITests" */ = {
			isa = XCConfigurationList;
			buildConfigurations = (
				DC2002C42DE0BAD500CE5AEE /* Debug */,
				DC2002C52DE0BAD500CE5AEE /* Release */,
			);
			defaultConfigurationIsVisible = 0;
			defaultConfigurationName = Release;
		};
/* End XCConfigurationList section */
	};
	rootObject = DC20028A2DE0BAD400CE5AEE /* Project object */;
}
